
Microsoft Visual Studio Solution File, Format Version 12.00
# Visual Studio Version 16
VisualStudioVersion = 16.0.31321.278
MinimumVisualStudioVersion = 10.0.40219.1
Project("{FAE04EC0-301F-11D3-BF4B-00C04F79EFBC}") = "do-shop-remaster-react", "do-shop-remaster-react.csproj", "{A21ED1B9-40C7-4DCF-9EDC-BAFBE5FE8C1B}"
EndProject
Global
	GlobalSection(SolutionConfigurationPlatforms) = preSolution
		Debug|Any CPU = Debug|Any CPU
		Release|Any CPU = Release|Any CPU
	EndGlobalSection
	GlobalSection(ProjectConfigurationPlatforms) = postSolution
		{A21ED1B9-40C7-4DCF-9EDC-BAFBE5FE8C1B}.Debug|Any CPU.ActiveCfg = Debug|Any CPU
		{A21ED1B9-40C7-4DCF-9EDC-BAFBE5FE8C1B}.Debug|Any CPU.Build.0 = Debug|Any CPU
		{A21ED1B9-40C7-4DCF-9EDC-BAFBE5FE8C1B}.Release|Any CPU.ActiveCfg = Release|Any CPU
		{A21ED1B9-40C7-4DCF-9EDC-BAFBE5FE8C1B}.Release|Any CPU.Build.0 = Release|Any CPU
	EndGlobalSection
	GlobalSection(SolutionProperties) = preSolution
		HideSolutionNode = FALSE
	EndGlobalSection
	GlobalSection(ExtensibilityGlobals) = postSolution
		SolutionGuid = {E3477552-F87E-42CD-8D02-A12CDA1E698D}
	EndGlobalSection
EndGlobal
